
Microsoft Visual Studio Solution File, Format Version 12.00
# Visual Studio Version 17
VisualStudioVersion = 17.8.34330.188
MinimumVisualStudioVersion = 10.0.40219.1
Project("{FAE04EC0-301F-11D3-BF4B-00C04F79EFBC}") = "Proiect Final Curs C#", "Proiect Final Curs C#.csproj", "{4E61819D-0571-4A22-9D0B-AFD5AB208AB0}"
EndProject
Global
	GlobalSection(SolutionConfigurationPlatforms) = preSolution
		Debug|Any CPU = Debug|Any CPU
		Release|Any CPU = Release|Any CPU
	EndGlobalSection
	GlobalSection(ProjectConfigurationPlatforms) = postSolution
		{4E61819D-0571-4A22-9D0B-AFD5AB208AB0}.Debug|Any CPU.ActiveCfg = Debug|Any CPU
		{4E61819D-0571-4A22-9D0B-AFD5AB208AB0}.Debug|Any CPU.Build.0 = Debug|Any CPU
		{4E61819D-0571-4A22-9D0B-AFD5AB208AB0}.Release|Any CPU.ActiveCfg = Release|Any CPU
		{4E61819D-0571-4A22-9D0B-AFD5AB208AB0}.Release|Any CPU.Build.0 = Release|Any CPU
	EndGlobalSection
	GlobalSection(SolutionProperties) = preSolution
		HideSolutionNode = FALSE
	EndGlobalSection
	GlobalSection(ExtensibilityGlobals) = postSolution
		SolutionGuid = {49672EB9-7A13-48C8-9699-C88B3B97DBC8}
	EndGlobalSection
EndGlobal
